
Microsoft Visual Studio Solution File, Format Version 12.00
# Visual Studio 2012
Project("{2150E333-8FDC-42A3-9474-1A3956D46DE8}") = "Extension", "Extension", "{750F8535-3D42-4E1B-8043-4CCF92493065}"
	ProjectSection(SolutionItems) = preProject
		background.html = background.html
		background.js = background.js
		chosen-sprite.png = chosen-sprite.png
		chosen-sprite@2x.png = chosen-sprite@2x.png
		chosen.css = chosen.css
		chosen.jquery.min.js = chosen.jquery.min.js
		..\CisLogic.UI.Web.Bookmarking.crx = ..\CisLogic.UI.Web.Bookmarking.crx
		..\CisLogic.UI.Web.Bookmarking.pem = ..\CisLogic.UI.Web.Bookmarking.pem
		content.js = content.js
		contentSettings.png = contentSettings.png
		database.js = database.js
		downloadify.min.js = downloadify.min.js
		FileSaver.min.js = FileSaver.min.js
		jquery-1.10.1.min.js = jquery-1.10.1.min.js
		jquery-ui-1.10.3.custom.min.js = jquery-ui-1.10.3.custom.min.js
		jquery.blockUI.js = jquery.blockUI.js
		jquery.dataTables.colReorderWithResize.js = jquery.dataTables.colReorderWithResize.js
		jquery.dataTables.min.js = jquery.dataTables.min.js
		jquery.ddslick.min.js = jquery.ddslick.min.js
		jquery.msgBox.css = jquery.msgBox.css
		jquery.msgBox.js = jquery.msgBox.js
		manifest.json = manifest.json
		options.html = options.html
		options.js = options.js
		page.js = page.js
		popup.css = popup.css
		popup.html = popup.html
		popup.js = popup.js
	EndProjectSection
EndProject
Project("{2150E333-8FDC-42A3-9474-1A3956D46DE8}") = "datatable", "datatable", "{B196AAD0-E690-4BFE-9185-124470F1A81E}"
	ProjectSection(SolutionItems) = preProject
		background.html = background.html
		background.js = background.js
		chosen-sprite.png = chosen-sprite.png
		chosen-sprite@2x.png = chosen-sprite@2x.png
		chosen.css = chosen.css
		chosen.jquery.min.js = chosen.jquery.min.js
		content.js = content.js
		contentSettings.png = contentSettings.png
		database.js = database.js
		datatable\demo_page.css = datatable\demo_page.css
		datatable\demo_table.css = datatable\demo_table.css
		datatable\demo_table_jui.css = datatable\demo_table_jui.css
		jquery-1.10.1.min.js = jquery-1.10.1.min.js
		jquery-1.9.1.min.js = jquery-1.9.1.min.js
		jquery-ui-1.10.3.custom.min.js = jquery-ui-1.10.3.custom.min.js
		jquery.blockUI.js = jquery.blockUI.js
		jquery.dataTables.colReorderWithResize.js = jquery.dataTables.colReorderWithResize.js
		datatable\jquery.dataTables.css = datatable\jquery.dataTables.css
		jquery.dataTables.min.js = jquery.dataTables.min.js
		datatable\jquery.dataTables_themeroller.css = datatable\jquery.dataTables_themeroller.css
		jquery.msgBox.css = jquery.msgBox.css
		jquery.msgBox.js = jquery.msgBox.js
		manifest.json = manifest.json
		options.html = options.html
		options.js = options.js
		page.js = page.js
		popup.css = popup.css
		popup.html = popup.html
		popup.js = popup.js
	EndProjectSection
EndProject
Project("{2150E333-8FDC-42A3-9474-1A3956D46DE8}") = "images", "images", "{542B05E5-1F63-401A-B1C8-B502987782CB}"
	ProjectSection(SolutionItems) = preProject
		images\alert.png = images\alert.png
		images\back_disabled.png = images\back_disabled.png
		images\back_enabled.png = images\back_enabled.png
		images\back_enabled_hover.png = images\back_enabled_hover.png
		images\confirm.png = images\confirm.png
		images\error.png = images\error.png
		images\favicon.ico = images\favicon.ico
		images\forward_disabled.png = images\forward_disabled.png
		images\forward_enabled.png = images\forward_enabled.png
		images\forward_enabled_hover.png = images\forward_enabled_hover.png
		images\info.png = images\info.png
		images\msgBoxBackGround.png = images\msgBoxBackGround.png
		images\sort_asc.png = images\sort_asc.png
		images\sort_asc_disabled.png = images\sort_asc_disabled.png
		images\sort_both.png = images\sort_both.png
		images\sort_desc.png = images\sort_desc.png
		images\sort_desc_disabled.png = images\sort_desc_disabled.png
		images\Sorting icons.psd = images\Sorting icons.psd
	EndProjectSection
EndProject
Project("{2150E333-8FDC-42A3-9474-1A3956D46DE8}") = "cupertino", "cupertino", "{20DA29BA-7765-42FE-A30E-C8830A2AE4A5}"
	ProjectSection(SolutionItems) = preProject
		cupertino\jquery-ui-1.10.3.custom.css = cupertino\jquery-ui-1.10.3.custom.css
		cupertino\jquery-ui-1.10.3.custom.min.css = cupertino\jquery-ui-1.10.3.custom.min.css
	EndProjectSection
EndProject
Project("{2150E333-8FDC-42A3-9474-1A3956D46DE8}") = "images", "images", "{1403605F-29F1-4395-B346-7E9BAA782148}"
	ProjectSection(SolutionItems) = preProject
		cupertino\images\animated-overlay.gif = cupertino\images\animated-overlay.gif
		cupertino\images\ui-bg_diagonals-thick_90_eeeeee_40x40.png = cupertino\images\ui-bg_diagonals-thick_90_eeeeee_40x40.png
		cupertino\images\ui-bg_flat_15_cd0a0a_40x100.png = cupertino\images\ui-bg_flat_15_cd0a0a_40x100.png
		cupertino\images\ui-bg_glass_100_e4f1fb_1x400.png = cupertino\images\ui-bg_glass_100_e4f1fb_1x400.png
		cupertino\images\ui-bg_glass_50_3baae3_1x400.png = cupertino\images\ui-bg_glass_50_3baae3_1x400.png
		cupertino\images\ui-bg_glass_80_d7ebf9_1x400.png = cupertino\images\ui-bg_glass_80_d7ebf9_1x400.png
		cupertino\images\ui-bg_highlight-hard_100_f2f5f7_1x100.png = cupertino\images\ui-bg_highlight-hard_100_f2f5f7_1x100.png
		cupertino\images\ui-bg_highlight-hard_70_000000_1x100.png = cupertino\images\ui-bg_highlight-hard_70_000000_1x100.png
		cupertino\images\ui-bg_highlight-soft_100_deedf7_1x100.png = cupertino\images\ui-bg_highlight-soft_100_deedf7_1x100.png
		cupertino\images\ui-bg_highlight-soft_25_ffef8f_1x100.png = cupertino\images\ui-bg_highlight-soft_25_ffef8f_1x100.png
		cupertino\images\ui-icons_2694e8_256x240.png = cupertino\images\ui-icons_2694e8_256x240.png
		cupertino\images\ui-icons_2e83ff_256x240.png = cupertino\images\ui-icons_2e83ff_256x240.png
		cupertino\images\ui-icons_3d80b3_256x240.png = cupertino\images\ui-icons_3d80b3_256x240.png
		cupertino\images\ui-icons_72a7cf_256x240.png = cupertino\images\ui-icons_72a7cf_256x240.png
		cupertino\images\ui-icons_ffffff_256x240.png = cupertino\images\ui-icons_ffffff_256x240.png
	EndProjectSection
EndProject
Global
	GlobalSection(SubversionScc) = preSolution
		Svn-Managed = True
		Manager = AnkhSVN - Subversion Support for Visual Studio
	EndGlobalSection
	GlobalSection(SolutionProperties) = preSolution
		HideSolutionNode = FALSE
	EndGlobalSection
	GlobalSection(NestedProjects) = preSolution
		{B196AAD0-E690-4BFE-9185-124470F1A81E} = {750F8535-3D42-4E1B-8043-4CCF92493065}
		{542B05E5-1F63-401A-B1C8-B502987782CB} = {750F8535-3D42-4E1B-8043-4CCF92493065}
		{20DA29BA-7765-42FE-A30E-C8830A2AE4A5} = {750F8535-3D42-4E1B-8043-4CCF92493065}
		{1403605F-29F1-4395-B346-7E9BAA782148} = {20DA29BA-7765-42FE-A30E-C8830A2AE4A5}
	EndGlobalSection
EndGlobal
